
Microsoft Visual Studio Solution File, Format Version 12.00
# Visual Studio Version 17
VisualStudioVersion = 17.1.32421.90
MinimumVisualStudioVersion = 10.0.40219.1
Project("{FAE04EC0-301F-11D3-BF4B-00C04F79EFBC}") = "Sınav", "Sınav.csproj", "{46E66F4E-7052-4FAA-AFFD-F13E925EAA49}"
EndProject
Global
	GlobalSection(SolutionConfigurationPlatforms) = preSolution
		Debug|Any CPU = Debug|Any CPU
		Release|Any CPU = Release|Any CPU
	EndGlobalSection
	GlobalSection(ProjectConfigurationPlatforms) = postSolution
		{46E66F4E-7052-4FAA-AFFD-F13E925EAA49}.Debug|Any CPU.ActiveCfg = Debug|Any CPU
		{46E66F4E-7052-4FAA-AFFD-F13E925EAA49}.Debug|Any CPU.Build.0 = Debug|Any CPU
		{46E66F4E-7052-4FAA-AFFD-F13E925EAA49}.Release|Any CPU.ActiveCfg = Release|Any CPU
		{46E66F4E-7052-4FAA-AFFD-F13E925EAA49}.Release|Any CPU.Build.0 = Release|Any CPU
	EndGlobalSection
	GlobalSection(SolutionProperties) = preSolution
		HideSolutionNode = FALSE
	EndGlobalSection
	GlobalSection(ExtensibilityGlobals) = postSolution
		SolutionGuid = {8A220321-C05A-4ED1-A773-CA60DD73A6D8}
	EndGlobalSection
EndGlobal
